
Microsoft Visual Studio Solution File, Format Version 12.00
# Visual Studio Version 17
VisualStudioVersion = 17.10.34928.147
MinimumVisualStudioVersion = 10.0.40219.1
Project("{FAE04EC0-301F-11D3-BF4B-00C04F79EFBC}") = "NanameFloors", "NanameFloors.csproj", "{8593EB6A-F506-41EC-8809-09A04DC5EF84}"
EndProject
Global
	GlobalSection(SolutionConfigurationPlatforms) = preSolution
		Debug|Any CPU = Debug|Any CPU
		Release|Any CPU = Release|Any CPU
	EndGlobalSection
	GlobalSection(ProjectConfigurationPlatforms) = postSolution
		{8593EB6A-F506-41EC-8809-09A04DC5EF84}.Debug|Any CPU.ActiveCfg = Debug|Any CPU
		{8593EB6A-F506-41EC-8809-09A04DC5EF84}.Debug|Any CPU.Build.0 = Debug|Any CPU
		{8593EB6A-F506-41EC-8809-09A04DC5EF84}.Release|Any CPU.ActiveCfg = Release|Any CPU
		{8593EB6A-F506-41EC-8809-09A04DC5EF84}.Release|Any CPU.Build.0 = Release|Any CPU
	EndGlobalSection
	GlobalSection(SolutionProperties) = preSolution
		HideSolutionNode = FALSE
	EndGlobalSection
	GlobalSection(ExtensibilityGlobals) = postSolution
		SolutionGuid = {C0AA9692-12D0-4C19-B6F5-7C6B13216519}
	EndGlobalSection
EndGlobal
